
Microsoft Visual Studio Solution File, Format Version 12.00
# Visual Studio 2013
VisualStudioVersion = 12.0.20827.3
MinimumVisualStudioVersion = 10.0.40219.1
Project("{FAE04EC0-301F-11D3-BF4B-00C04F79EFBC}") = "Kiwana.Core", "IRC\Kiwana.Core.csproj", "{BBB30695-FE77-4448-956A-AEDEA14D3D3F}"
EndProject
Project("{FAE04EC0-301F-11D3-BF4B-00C04F79EFBC}") = "Kiwana.ConsoleApplication", "Bot\Kiwana.ConsoleApplication.csproj", "{384F39AD-3A81-4612-882B-5901CF02C187}"
EndProject
Project("{FAE04EC0-301F-11D3-BF4B-00C04F79EFBC}") = "Kiwana.Core.Api", "Kiwana.Plugins.Api\Kiwana.Core.Api.csproj", "{F7C70FC8-CA2B-459F-9764-E8489FF71542}"
EndProject
Project("{FAE04EC0-301F-11D3-BF4B-00C04F79EFBC}") = "ProbSim", "Kiwana.Plugins.ProbSim\ProbSim.csproj", "{80F3F8D3-CF69-4366-9610-41B61C0835E6}"
EndProject
Project("{FAE04EC0-301F-11D3-BF4B-00C04F79EFBC}") = "McStatus", "Kiwana.Plugins.McStatus\McStatus.csproj", "{AE9C868B-1606-4661-B9AF-8F9D8A3B5B4C}"
EndProject
Project("{FAE04EC0-301F-11D3-BF4B-00C04F79EFBC}") = "Essentials", "Essentials\Essentials.csproj", "{89724FAA-AD92-45D6-B43B-29E6C4C6BA8C}"
EndProject
Global
	GlobalSection(SolutionConfigurationPlatforms) = preSolution
		Debug|Any CPU = Debug|Any CPU
		Release|Any CPU = Release|Any CPU
	EndGlobalSection
	GlobalSection(ProjectConfigurationPlatforms) = postSolution
		{BBB30695-FE77-4448-956A-AEDEA14D3D3F}.Debug|Any CPU.ActiveCfg = Debug|Any CPU
		{BBB30695-FE77-4448-956A-AEDEA14D3D3F}.Debug|Any CPU.Build.0 = Debug|Any CPU
		{BBB30695-FE77-4448-956A-AEDEA14D3D3F}.Release|Any CPU.ActiveCfg = Release|Any CPU
		{BBB30695-FE77-4448-956A-AEDEA14D3D3F}.Release|Any CPU.Build.0 = Release|Any CPU
		{384F39AD-3A81-4612-882B-5901CF02C187}.Debug|Any CPU.ActiveCfg = Debug|Any CPU
		{384F39AD-3A81-4612-882B-5901CF02C187}.Debug|Any CPU.Build.0 = Debug|Any CPU
		{384F39AD-3A81-4612-882B-5901CF02C187}.Release|Any CPU.ActiveCfg = Release|Any CPU
		{384F39AD-3A81-4612-882B-5901CF02C187}.Release|Any CPU.Build.0 = Release|Any CPU
		{F7C70FC8-CA2B-459F-9764-E8489FF71542}.Debug|Any CPU.ActiveCfg = Debug|Any CPU
		{F7C70FC8-CA2B-459F-9764-E8489FF71542}.Debug|Any CPU.Build.0 = Debug|Any CPU
		{F7C70FC8-CA2B-459F-9764-E8489FF71542}.Release|Any CPU.ActiveCfg = Release|Any CPU
		{F7C70FC8-CA2B-459F-9764-E8489FF71542}.Release|Any CPU.Build.0 = Release|Any CPU
		{80F3F8D3-CF69-4366-9610-41B61C0835E6}.Debug|Any CPU.ActiveCfg = Debug|Any CPU
		{80F3F8D3-CF69-4366-9610-41B61C0835E6}.Debug|Any CPU.Build.0 = Debug|Any CPU
		{80F3F8D3-CF69-4366-9610-41B61C0835E6}.Release|Any CPU.ActiveCfg = Release|Any CPU
		{80F3F8D3-CF69-4366-9610-41B61C0835E6}.Release|Any CPU.Build.0 = Release|Any CPU
		{AE9C868B-1606-4661-B9AF-8F9D8A3B5B4C}.Debug|Any CPU.ActiveCfg = Debug|Any CPU
		{AE9C868B-1606-4661-B9AF-8F9D8A3B5B4C}.Debug|Any CPU.Build.0 = Debug|Any CPU
		{AE9C868B-1606-4661-B9AF-8F9D8A3B5B4C}.Release|Any CPU.ActiveCfg = Release|Any CPU
		{AE9C868B-1606-4661-B9AF-8F9D8A3B5B4C}.Release|Any CPU.Build.0 = Release|Any CPU
		{89724FAA-AD92-45D6-B43B-29E6C4C6BA8C}.Debug|Any CPU.ActiveCfg = Debug|Any CPU
		{89724FAA-AD92-45D6-B43B-29E6C4C6BA8C}.Debug|Any CPU.Build.0 = Debug|Any CPU
		{89724FAA-AD92-45D6-B43B-29E6C4C6BA8C}.Release|Any CPU.ActiveCfg = Release|Any CPU
		{89724FAA-AD92-45D6-B43B-29E6C4C6BA8C}.Release|Any CPU.Build.0 = Release|Any CPU
	EndGlobalSection
	GlobalSection(SolutionProperties) = preSolution
		HideSolutionNode = FALSE
	EndGlobalSection
EndGlobal
